
Microsoft Visual Studio Solution File, Format Version 12.00
# Visual Studio Version 17
VisualStudioVersion = 17.8.34330.188
MinimumVisualStudioVersion = 10.0.40219.1
Project("{9A19103F-16F7-4668-BE54-9A1E7A4F7556}") = "OFFICIAL-Pokemon-Project-FINAL", "OFFICIAL-Pokemon-Project-FINAL\OFFICIAL-Pokemon-Project-FINAL.csproj", "{7D0A395E-ADFB-492B-BEB5-3074906596D8}"
EndProject
Global
	GlobalSection(SolutionConfigurationPlatforms) = preSolution
		Debug|Any CPU = Debug|Any CPU
		Release|Any CPU = Release|Any CPU
	EndGlobalSection
	GlobalSection(ProjectConfigurationPlatforms) = postSolution
		{7D0A395E-ADFB-492B-BEB5-3074906596D8}.Debug|Any CPU.ActiveCfg = Debug|Any CPU
		{7D0A395E-ADFB-492B-BEB5-3074906596D8}.Debug|Any CPU.Build.0 = Debug|Any CPU
		{7D0A395E-ADFB-492B-BEB5-3074906596D8}.Release|Any CPU.ActiveCfg = Release|Any CPU
		{7D0A395E-ADFB-492B-BEB5-3074906596D8}.Release|Any CPU.Build.0 = Release|Any CPU
	EndGlobalSection
	GlobalSection(SolutionProperties) = preSolution
		HideSolutionNode = FALSE
	EndGlobalSection
	GlobalSection(ExtensibilityGlobals) = postSolution
		SolutionGuid = {1508604A-8BBB-4E96-BD6D-22BB1F35867A}
	EndGlobalSection
EndGlobal
